PODS:
  - Markdown (0.1.0)
  - Nimble (7.0.3)
  - Quick (1.2.0)

DEPENDENCIES:
  - Markdown (from `../`)
  - Nimble (~> 7.0.2)
  - Quick (~> 1.2.0)

EXTERNAL SOURCES:
  Markdown:
    :path: ../

SPEC CHECKSUMS:
  Markdown: 73560de0ad6e7659c1a785049149505de46b3f28
  Nimble: 7f5a9c447a33002645a071bddafbfb24ea70e0ac
  Quick: 58d203b1c5e27fff7229c4c1ae445ad7069a7a08

PODFILE CHECKSUM: 8ea7d9797f0e0e696d90cc13185ce2fd8a81c8db

COCOAPODS: 1.4.0
