PODS:
  - Markdown (0.1.0)
  - Nimble (7.0.3)
  - Quick (1.2.0)

DEPENDENCIES:
  - Markdown (from `../`)
  - Nimble (~> 7.0.2)
  - Quick (~> 1.2.0)

EXTERNAL SOURCES:
  Markdown:
    :path: ../

SPEC CHECKSUMS:
  Markdown: 1e8af96bba45ffd56d2cc43535bd801d9058f7d9
  Nimble: 7f5a9c447a33002645a071bddafbfb24ea70e0ac
  Quick: 58d203b1c5e27fff7229c4c1ae445ad7069a7a08

PODFILE CHECKSUM: bab56b78573f8d91580f2f67e20c61398c74b3e1

COCOAPODS: 1.4.0
